
Microsoft Visual Studio Solution File, Format Version 9.00
# Visual Studio 2005 
Project("{FAE04EC0-301F-11D3-BF4B-00C04F79EFBC}") = "Strategies.ActiveTrader", "Strategies.ActiveTrader\Strategies.ActiveTrader.csproj", "{F83793FA-C5CF-4B3A-AF0E-AFD5BE1658D8}"
EndProject
Global
	GlobalSection(SolutionConfigurationPlatforms) = preSolution
		Debug|Any CPU = Debug|Any CPU
		Release|Any CPU = Release|Any CPU
	EndGlobalSection
	GlobalSection(ProjectConfigurationPlatforms) = postSolution
		{F83793FA-C5CF-4B3A-AF0E-AFD5BE1658D8}.Debug|Any CPU.ActiveCfg = Debug|Any CPU
		{F83793FA-C5CF-4B3A-AF0E-AFD5BE1658D8}.Debug|Any CPU.Build.0 = Debug|Any CPU
		{F83793FA-C5CF-4B3A-AF0E-AFD5BE1658D8}.Release|Any CPU.ActiveCfg = Release|Any CPU
		{F83793FA-C5CF-4B3A-AF0E-AFD5BE1658D8}.Release|Any CPU.Build.0 = Release|Any CPU
	EndGlobalSection
	GlobalSection(SolutionProperties) = preSolution
		HideSolutionNode = FALSE
	EndGlobalSection
EndGlobal
