
Microsoft Visual Studio Solution File, Format Version 11.00
# Visual Studio 2010
Project("{FAE04EC0-301F-11D3-BF4B-00C04F79EFBC}") = "Parent", "Parent\Parent.csproj", "{6A0DB9A1-70DB-42AF-B676-C3BF199056B1}"
EndProject
Project("{FAE04EC0-301F-11D3-BF4B-00C04F79EFBC}") = "Child", "Child\Child.csproj", "{6DB8E70C-8DCB-4F72-B15A-8124C637B3D5}"
EndProject
Global
	GlobalSection(SolutionConfigurationPlatforms) = preSolution
		Debug|Any CPU = Debug|Any CPU
		Release|Any CPU = Release|Any CPU
	EndGlobalSection
	GlobalSection(ProjectConfigurationPlatforms) = postSolution
		{6A0DB9A1-70DB-42AF-B676-C3BF199056B1}.Debug|Any CPU.ActiveCfg = Debug|Any CPU
		{6A0DB9A1-70DB-42AF-B676-C3BF199056B1}.Debug|Any CPU.Build.0 = Debug|Any CPU
		{6A0DB9A1-70DB-42AF-B676-C3BF199056B1}.Release|Any CPU.ActiveCfg = Release|Any CPU
		{6A0DB9A1-70DB-42AF-B676-C3BF199056B1}.Release|Any CPU.Build.0 = Release|Any CPU
		{6DB8E70C-8DCB-4F72-B15A-8124C637B3D5}.Debug|Any CPU.ActiveCfg = Debug|Any CPU
		{6DB8E70C-8DCB-4F72-B15A-8124C637B3D5}.Debug|Any CPU.Build.0 = Debug|Any CPU
		{6DB8E70C-8DCB-4F72-B15A-8124C637B3D5}.Release|Any CPU.ActiveCfg = Release|Any CPU
		{6DB8E70C-8DCB-4F72-B15A-8124C637B3D5}.Release|Any CPU.Build.0 = Release|Any CPU
	EndGlobalSection
	GlobalSection(SolutionProperties) = preSolution
		HideSolutionNode = FALSE
	EndGlobalSection
EndGlobal
